// !$*UTF8*$!
{
	archiveVersion = 1;
	classes = {
	};
	objectVersion = 55;
	objects = {

/* Begin PBXBuildFile section */
		811F92FD292D70EA00CD8682 /* AddNoteCellExtension.swift in Sources */ = {isa = PBXBuildFile; fileRef = 811F92FC292D70EA00CD8682 /* AddNoteCellExtension.swift */; };
		8158EC6B292C10CD009ECAB5 /* AppDelegate.swift in Sources */ = {isa = PBXBuildFile; fileRef = 8158EC6A292C10CD009ECAB5 /* AppDelegate.swift */; };
		8158EC6D292C10CD009ECAB5 /* SceneDelegate.swift in Sources */ = {isa = PBXBuildFile; fileRef = 8158EC6C292C10CD009ECAB5 /* SceneDelegate.swift */; };
		8158EC74292C10D1009ECAB5 /* Assets.xcassets in Resources */ = {isa = PBXBuildFile; fileRef = 8158EC73292C10D1009ECAB5 /* Assets.xcassets */; };
		8158EC77292C10D1009ECAB5 /* LaunchScreen.storyboard in Resources */ = {isa = PBXBuildFile; fileRef = 8158EC75292C10D1009ECAB5 /* LaunchScreen.storyboard */; };
		8158EC80292C12C0009ECAB5 /* NotesViewController.swift in Sources */ = {isa = PBXBuildFile; fileRef = 8158EC7F292C12C0009ECAB5 /* NotesViewController.swift */; };
		8158EC83292C16C3009ECAB5 /* ShortNote.swift in Sources */ = {isa = PBXBuildFile; fileRef = 8158EC82292C16C3009ECAB5 /* ShortNote.swift */; };
		8158EC85292C171A009ECAB5 /* NoteCell.swift in Sources */ = {isa = PBXBuildFile; fileRef = 8158EC84292C171A009ECAB5 /* NoteCell.swift */; };
		8158EC87292C17CF009ECAB5 /* UIView+Pin.swift in Sources */ = {isa = PBXBuildFile; fileRef = 8158EC86292C17CF009ECAB5 /* UIView+Pin.swift */; };
		8158EC89292C1839009ECAB5 /* AddNoteCell.swift in Sources */ = {isa = PBXBuildFile; fileRef = 8158EC88292C1839009ECAB5 /* AddNoteCell.swift */; };
		8158EC8C292C2647009ECAB5 /* AddNoteDelegate.swift in Sources */ = {isa = PBXBuildFile; fileRef = 8158EC8B292C2647009ECAB5 /* AddNoteDelegate.swift */; };
		81CB212B292CFEFA009F9360 /* WelcomeViewController.swift in Sources */ = {isa = PBXBuildFile; fileRef = 81CB212A292CFEFA009F9360 /* WelcomeViewController.swift */; };
		81CB212E292CFF66009F9360 /* ColorChangeProtocol.swift in Sources */ = {isa = PBXBuildFile; fileRef = 81CB212D292CFF66009F9360 /* ColorChangeProtocol.swift */; };
		81CB2131292CFFD0009F9360 /* CALayer.swift in Sources */ = {isa = PBXBuildFile; fileRef = 81CB2130292CFFD0009F9360 /* CALayer.swift */; };
		81CB2133292D0002009F9360 /* ColorPaletteViewExtension.swift in Sources */ = {isa = PBXBuildFile; fileRef = 81CB2132292D0002009F9360 /* ColorPaletteViewExtension.swift */; };
		81CB2135292D0020009F9360 /* UIColorExtension.swift in Sources */ = {isa = PBXBuildFile; fileRef = 81CB2134292D0020009F9360 /* UIColorExtension.swift */; };
		81CB2138292D00EA009F9360 /* ColorPaletteView.swift in Sources */ = {isa = PBXBuildFile; fileRef = 81CB2137292D00EA009F9360 /* ColorPaletteView.swift */; };
/* End PBXBuildFile section */

/* Begin PBXFileReference section */
		811F92FC292D70EA00CD8682 /* AddNoteCellExtension.swift */ = {isa = PBXFileReference; lastKnownFileType = sourcecode.swift; path = AddNoteCellExtension.swift; sourceTree = "<group>"; };
		8158EC67292C10CD009ECAB5 /* adlazarevaHW4.app */ = {isa = PBXFileReference; explicitFileType = wrapper.application; includeInIndex = 0; path = adlazarevaHW4.app; sourceTree = BUILT_PRODUCTS_DIR; };
		8158EC6A292C10CD009ECAB5 /* AppDelegate.swift */ = {isa = PBXFileReference; lastKnownFileType = sourcecode.swift; path = AppDelegate.swift; sourceTree = "<group>"; };
		8158EC6C292C10CD009ECAB5 /* SceneDelegate.swift */ = {isa = PBXFileReference; lastKnownFileType = sourcecode.swift; path = SceneDelegate.swift; sourceTree = "<group>"; };
		8158EC73292C10D1009ECAB5 /* Assets.xcassets */ = {isa = PBXFileReference; lastKnownFileType = folder.assetcatalog; path = Assets.xcassets; sourceTree = "<group>"; };
		8158EC76292C10D1009ECAB5 /* Base */ = {isa = PBXFileReference; lastKnownFileType = file.storyboard; name = Base; path = Base.lproj/LaunchScreen.storyboard; sourceTree = "<group>"; };
		8158EC78292C10D1009ECAB5 /* Info.plist */ = {isa = PBXFileReference; lastKnownFileType = text.plist.xml; path = Info.plist; sourceTree = "<group>"; };
		8158EC7F292C12C0009ECAB5 /* NotesViewController.swift */ = {isa = PBXFileReference; lastKnownFileType = sourcecode.swift; path = NotesViewController.swift; sourceTree = "<group>"; };
		8158EC82292C16C3009ECAB5 /* ShortNote.swift */ = {isa = PBXFileReference; lastKnownFileType = sourcecode.swift; path = ShortNote.swift; sourceTree = "<group>"; };
		8158EC84292C171A009ECAB5 /* NoteCell.swift */ = {isa = PBXFileReference; lastKnownFileType = sourcecode.swift; path = NoteCell.swift; sourceTree = "<group>"; };
		8158EC86292C17CF009ECAB5 /* UIView+Pin.swift */ = {isa = PBXFileReference; lastKnownFileType = sourcecode.swift; path = "UIView+Pin.swift"; sourceTree = "<group>"; };
		8158EC88292C1839009ECAB5 /* AddNoteCell.swift */ = {isa = PBXFileReference; lastKnownFileType = sourcecode.swift; path = AddNoteCell.swift; sourceTree = "<group>"; };
		8158EC8B292C2647009ECAB5 /* AddNoteDelegate.swift */ = {isa = PBXFileReference; lastKnownFileType = sourcecode.swift; path = AddNoteDelegate.swift; sourceTree = "<group>"; };
		81CB212A292CFEFA009F9360 /* WelcomeViewController.swift */ = {isa = PBXFileReference; lastKnownFileType = sourcecode.swift; path = WelcomeViewController.swift; sourceTree = "<group>"; };
		81CB212D292CFF66009F9360 /* ColorChangeProtocol.swift */ = {isa = PBXFileReference; lastKnownFileType = sourcecode.swift; path = ColorChangeProtocol.swift; sourceTree = "<group>"; };
		81CB2130292CFFD0009F9360 /* CALayer.swift */ = {isa = PBXFileReference; lastKnownFileType = sourcecode.swift; path = CALayer.swift; sourceTree = "<group>"; };
		81CB2132292D0002009F9360 /* ColorPaletteViewExtension.swift */ = {isa = PBXFileReference; lastKnownFileType = sourcecode.swift; path = ColorPaletteViewExtension.swift; sourceTree = "<group>"; };
		81CB2134292D0020009F9360 /* UIColorExtension.swift */ = {isa = PBXFileReference; lastKnownFileType = sourcecode.swift; path = UIColorExtension.swift; sourceTree = "<group>"; };
		81CB2137292D00EA009F9360 /* ColorPaletteView.swift */ = {isa = PBXFileReference; lastKnownFileType = sourcecode.swift; path = ColorPaletteView.swift; sourceTree = "<group>"; };
/* End PBXFileReference section */

/* Begin PBXFrameworksBuildPhase section */
		8158EC64292C10CD009ECAB5 /* Frameworks */ = {
			isa = PBXFrameworksBuildPhase;
			buildActionMask = 2147483647;
			files = (
			);
			runOnlyForDeploymentPostprocessing = 0;
		};
/* End PBXFrameworksBuildPhase section */

/* Begin PBXGroup section */
		811F92FB292D708A00CD8682 /* NotesExtensions */ = {
			isa = PBXGroup;
			children = (
				811F92FC292D70EA00CD8682 /* AddNoteCellExtension.swift */,
			);
			path = NotesExtensions;
			sourceTree = "<group>";
		};
		8158EC5E292C10CD009ECAB5 = {
			isa = PBXGroup;
			children = (
				8158EC69292C10CD009ECAB5 /* adlazarevaHW4 */,
				8158EC68292C10CD009ECAB5 /* Products */,
			);
			sourceTree = "<group>";
		};
		8158EC68292C10CD009ECAB5 /* Products */ = {
			isa = PBXGroup;
			children = (
				8158EC67292C10CD009ECAB5 /* adlazarevaHW4.app */,
			);
			name = Products;
			sourceTree = "<group>";
		};
		8158EC69292C10CD009ECAB5 /* adlazarevaHW4 */ = {
			isa = PBXGroup;
			children = (
				811F92FB292D708A00CD8682 /* NotesExtensions */,
				81CB213A292D011D009F9360 /* UIView */,
				81CB2136292D00D4009F9360 /* ColorPaletteView */,
				81CB212F292CFFA9009F9360 /* ColorExtensions */,
				8158EC8A292C2616009ECAB5 /* Protocols */,
				8158EC81292C16AD009ECAB5 /* NotesView */,
				8158EC7E292C1277009ECAB5 /* Contollers */,
				8158EC6A292C10CD009ECAB5 /* AppDelegate.swift */,
				8158EC6C292C10CD009ECAB5 /* SceneDelegate.swift */,
				8158EC73292C10D1009ECAB5 /* Assets.xcassets */,
				8158EC75292C10D1009ECAB5 /* LaunchScreen.storyboard */,
				8158EC78292C10D1009ECAB5 /* Info.plist */,
			);
			path = adlazarevaHW4;
			sourceTree = "<group>";
		};
		8158EC7E292C1277009ECAB5 /* Contollers */ = {
			isa = PBXGroup;
			children = (
				8158EC7F292C12C0009ECAB5 /* NotesViewController.swift */,
				81CB212A292CFEFA009F9360 /* WelcomeViewController.swift */,
			);
			path = Contollers;
			sourceTree = "<group>";
		};
		8158EC81292C16AD009ECAB5 /* NotesView */ = {
			isa = PBXGroup;
			children = (
				8158EC82292C16C3009ECAB5 /* ShortNote.swift */,
				8158EC84292C171A009ECAB5 /* NoteCell.swift */,
				8158EC88292C1839009ECAB5 /* AddNoteCell.swift */,
			);
			path = NotesView;
			sourceTree = "<group>";
		};
		8158EC8A292C2616009ECAB5 /* Protocols */ = {
			isa = PBXGroup;
			children = (
				8158EC8B292C2647009ECAB5 /* AddNoteDelegate.swift */,
				81CB212D292CFF66009F9360 /* ColorChangeProtocol.swift */,
			);
			path = Protocols;
			sourceTree = "<group>";
		};
		81CB212F292CFFA9009F9360 /* ColorExtensions */ = {
			isa = PBXGroup;
			children = (
				81CB2130292CFFD0009F9360 /* CALayer.swift */,
				81CB2132292D0002009F9360 /* ColorPaletteViewExtension.swift */,
				81CB2134292D0020009F9360 /* UIColorExtension.swift */,
			);
			path = ColorExtensions;
			sourceTree = "<group>";
		};
		81CB2136292D00D4009F9360 /* ColorPaletteView */ = {
			isa = PBXGroup;
			children = (
				81CB2137292D00EA009F9360 /* ColorPaletteView.swift */,
			);
			path = ColorPaletteView;
			sourceTree = "<group>";
		};
		81CB213A292D011D009F9360 /* UIView */ = {
			isa = PBXGroup;
			children = (
				8158EC86292C17CF009ECAB5 /* UIView+Pin.swift */,
			);
			path = UIView;
			sourceTree = "<group>";
		};
/* End PBXGroup section */

/* Begin PBXNativeTarget section */
		8158EC66292C10CD009ECAB5 /* adlazarevaHW4 */ = {
			isa = PBXNativeTarget;
			buildConfigurationList = 8158EC7B292C10D1009ECAB5 /* Build configuration list for PBXNativeTarget "adlazarevaHW4" */;
			buildPhases = (
				8158EC63292C10CD009ECAB5 /* Sources */,
				8158EC64292C10CD009ECAB5 /* Frameworks */,
				8158EC65292C10CD009ECAB5 /* Resources */,
			);
			buildRules = (
			);
			dependencies = (
			);
			name = adlazarevaHW4;
			productName = adlazarevaHW4;
			productReference = 8158EC67292C10CD009ECAB5 /* adlazarevaHW4.app */;
			productType = "com.apple.product-type.application";
		};
/* End PBXNativeTarget section */

/* Begin PBXProject section */
		8158EC5F292C10CD009ECAB5 /* Project object */ = {
			isa = PBXProject;
			attributes = {
				BuildIndependentTargetsInParallel = 1;
				LastSwiftUpdateCheck = 1340;
				LastUpgradeCheck = 1340;
				TargetAttributes = {
					8158EC66292C10CD009ECAB5 = {
						CreatedOnToolsVersion = 13.4.1;
					};
				};
			};
			buildConfigurationList = 8158EC62292C10CD009ECAB5 /* Build configuration list for PBXProject "adlazarevaHW4" */;
			compatibilityVersion = "Xcode 13.0";
			developmentRegion = en;
			hasScannedForEncodings = 0;
			knownRegions = (
				en,
				Base,
			);
			mainGroup = 8158EC5E292C10CD009ECAB5;
			productRefGroup = 8158EC68292C10CD009ECAB5 /* Products */;
			projectDirPath = "";
			projectRoot = "";
			targets = (
				8158EC66292C10CD009ECAB5 /* adlazarevaHW4 */,
			);
		};
/* End PBXProject section */

/* Begin PBXResourcesBuildPhase section */
		8158EC65292C10CD009ECAB5 /* Resources */ = {
			isa = PBXResourcesBuildPhase;
			buildActionMask = 2147483647;
			files = (
				8158EC77292C10D1009ECAB5 /* LaunchScreen.storyboard in Resources */,
				8158EC74292C10D1009ECAB5 /* Assets.xcassets in Resources */,
			);
			runOnlyForDeploymentPostprocessing = 0;
		};
/* End PBXResourcesBuildPhase section */

/* Begin PBXSourcesBuildPhase section */
		8158EC63292C10CD009ECAB5 /* Sources */ = {
			isa = PBXSourcesBuildPhase;
			buildActionMask = 2147483647;
			files = (
				811F92FD292D70EA00CD8682 /* AddNoteCellExtension.swift in Sources */,
				81CB2133292D0002009F9360 /* ColorPaletteViewExtension.swift in Sources */,
				8158EC80292C12C0009ECAB5 /* NotesViewController.swift in Sources */,
				81CB2138292D00EA009F9360 /* ColorPaletteView.swift in Sources */,
				81CB212B292CFEFA009F9360 /* WelcomeViewController.swift in Sources */,
				8158EC6B292C10CD009ECAB5 /* AppDelegate.swift in Sources */,
				8158EC89292C1839009ECAB5 /* AddNoteCell.swift in Sources */,
				8158EC85292C171A009ECAB5 /* NoteCell.swift in Sources */,
				81CB2135292D0020009F9360 /* UIColorExtension.swift in Sources */,
				8158EC6D292C10CD009ECAB5 /* SceneDelegate.swift in Sources */,
				81CB212E292CFF66009F9360 /* ColorChangeProtocol.swift in Sources */,
				8158EC8C292C2647009ECAB5 /* AddNoteDelegate.swift in Sources */,
				81CB2131292CFFD0009F9360 /* CALayer.swift in Sources */,
				8158EC87292C17CF009ECAB5 /* UIView+Pin.swift in Sources */,
				8158EC83292C16C3009ECAB5 /* ShortNote.swift in Sources */,
			);
			runOnlyForDeploymentPostprocessing = 0;
		};
/* End PBXSourcesBuildPhase section */

/* Begin PBXVariantGroup section */
		8158EC75292C10D1009ECAB5 /* LaunchScreen.storyboard */ = {
			isa = PBXVariantGroup;
			children = (
				8158EC76292C10D1009ECAB5 /* Base */,
			);
			name = LaunchScreen.storyboard;
			sourceTree = "<group>";
		};
/* End PBXVariantGroup section */

/* Begin XCBuildConfiguration section */
		8158EC79292C10D1009ECAB5 /* Debug */ = {
			isa = XCBuildConfiguration;
			buildSettings = {
				ALWAYS_SEARCH_USER_PATHS = NO;
				CLANG_ANALYZER_NONNULL = YES;
				CLANG_ANALYZER_NUMBER_OBJECT_CONVERSION = YES_AGGRESSIVE;
				CLANG_CXX_LANGUAGE_STANDARD = "gnu++17";
				CLANG_ENABLE_MODULES = YES;
				CLANG_ENABLE_OBJC_ARC = YES;
				CLANG_ENABLE_OBJC_WEAK = YES;
				CLANG_WARN_BLOCK_CAPTURE_AUTORELEASING = YES;
				CLANG_WARN_BOOL_CONVERSION = YES;
				CLANG_WARN_COMMA = YES;
				CLANG_WARN_CONSTANT_CONVERSION = YES;
				CLANG_WARN_DEPRECATED_OBJC_IMPLEMENTATIONS = YES;
				CLANG_WARN_DIRECT_OBJC_ISA_USAGE = YES_ERROR;
				CLANG_WARN_DOCUMENTATION_COMMENTS = YES;
				CLANG_WARN_EMPTY_BODY = YES;
				CLANG_WARN_ENUM_CONVERSION = YES;
				CLANG_WARN_INFINITE_RECURSION = YES;
				CLANG_WARN_INT_CONVERSION = YES;
				CLANG_WARN_NON_LITERAL_NULL_CONVERSION = YES;
				CLANG_WARN_OBJC_IMPLICIT_RETAIN_SELF = YES;
				CLANG_WARN_OBJC_LITERAL_CONVERSION = YES;
				CLANG_WARN_OBJC_ROOT_CLASS = YES_ERROR;
				CLANG_WARN_QUOTED_INCLUDE_IN_FRAMEWORK_HEADER = YES;
				CLANG_WARN_RANGE_LOOP_ANALYSIS = YES;
				CLANG_WARN_STRICT_PROTOTYPES = YES;
				CLANG_WARN_SUSPICIOUS_MOVE = YES;
				CLANG_WARN_UNGUARDED_AVAILABILITY = YES_AGGRESSIVE;
				CLANG_WARN_UNREACHABLE_CODE = YES;
				CLANG_WARN__DUPLICATE_METHOD_MATCH = YES;
				COPY_PHASE_STRIP = NO;
				DEBUG_INFORMATION_FORMAT = dwarf;
				ENABLE_STRICT_OBJC_MSGSEND = YES;
				ENABLE_TESTABILITY = YES;
				GCC_C_LANGUAGE_STANDARD = gnu11;
				GCC_DYNAMIC_NO_PIC = NO;
				GCC_NO_COMMON_BLOCKS = YES;
				GCC_OPTIMIZATION_LEVEL = 0;
				GCC_PREPROCESSOR_DEFINITIONS = (
					"DEBUG=1",
					"$(inherited)",
				);
				GCC_WARN_64_TO_32_BIT_CONVERSION = YES;
				GCC_WARN_ABOUT_RETURN_TYPE = YES_ERROR;
				GCC_WARN_UNDECLARED_SELECTOR = YES;
				GCC_WARN_UNINITIALIZED_AUTOS = YES_AGGRESSIVE;
				GCC_WARN_UNUSED_FUNCTION = YES;
				GCC_WARN_UNUSED_VARIABLE = YES;
				IPHONEOS_DEPLOYMENT_TARGET = 15.5;
				MTL_ENABLE_DEBUG_INFO = INCLUDE_SOURCE;
				MTL_FAST_MATH = YES;
				ONLY_ACTIVE_ARCH = YES;
				SDKROOT = iphoneos;
				SWIFT_ACTIVE_COMPILATION_CONDITIONS = DEBUG;
				SWIFT_OPTIMIZATION_LEVEL = "-Onone";
			};
			name = Debug;
		};
		8158EC7A292C10D1009ECAB5 /* Release */ = {
			isa = XCBuildConfiguration;
			buildSettings = {
				ALWAYS_SEARCH_USER_PATHS = NO;
				CLANG_ANALYZER_NONNULL = YES;
				CLANG_ANALYZER_NUMBER_OBJECT_CONVERSION = YES_AGGRESSIVE;
				CLANG_CXX_LANGUAGE_STANDARD = "gnu++17";
				CLANG_ENABLE_MODULES = YES;
				CLANG_ENABLE_OBJC_ARC = YES;
				CLANG_ENABLE_OBJC_WEAK = YES;
				CLANG_WARN_BLOCK_CAPTURE_AUTORELEASING = YES;
				CLANG_WARN_BOOL_CONVERSION = YES;
				CLANG_WARN_COMMA = YES;
				CLANG_WARN_CONSTANT_CONVERSION = YES;
				CLANG_WARN_DEPRECATED_OBJC_IMPLEMENTATIONS = YES;
				CLANG_WARN_DIRECT_OBJC_ISA_USAGE = YES_ERROR;
				CLANG_WARN_DOCUMENTATION_COMMENTS = YES;
				CLANG_WARN_EMPTY_BODY = YES;
				CLANG_WARN_ENUM_CONVERSION = YES;
				CLANG_WARN_INFINITE_RECURSION = YES;
				CLANG_WARN_INT_CONVERSION = YES;
				CLANG_WARN_NON_LITERAL_NULL_CONVERSION = YES;
				CLANG_WARN_OBJC_IMPLICIT_RETAIN_SELF = YES;
				CLANG_WARN_OBJC_LITERAL_CONVERSION = YES;
				CLANG_WARN_OBJC_ROOT_CLASS = YES_ERROR;
				CLANG_WARN_QUOTED_INCLUDE_IN_FRAMEWORK_HEADER = YES;
				CLANG_WARN_RANGE_LOOP_ANALYSIS = YES;
				CLANG_WARN_STRICT_PROTOTYPES = YES;
				CLANG_WARN_SUSPICIOUS_MOVE = YES;
				CLANG_WARN_UNGUARDED_AVAILABILITY = YES_AGGRESSIVE;
				CLANG_WARN_UNREACHABLE_CODE = YES;
				CLANG_WARN__DUPLICATE_METHOD_MATCH = YES;
				COPY_PHASE_STRIP = NO;
				DEBUG_INFORMATION_FORMAT = "dwarf-with-dsym";
				ENABLE_NS_ASSERTIONS = NO;
				ENABLE_STRICT_OBJC_MSGSEND = YES;
				GCC_C_LANGUAGE_STANDARD = gnu11;
				GCC_NO_COMMON_BLOCKS = YES;
				GCC_WARN_64_TO_32_BIT_CONVERSION = YES;
				GCC_WARN_ABOUT_RETURN_TYPE = YES_ERROR;
				GCC_WARN_UNDECLARED_SELECTOR = YES;
				GCC_WARN_UNINITIALIZED_AUTOS = YES_AGGRESSIVE;
				GCC_WARN_UNUSED_FUNCTION = YES;
				GCC_WARN_UNUSED_VARIABLE = YES;
				IPHONEOS_DEPLOYMENT_TARGET = 15.5;
				MTL_ENABLE_DEBUG_INFO = NO;
				MTL_FAST_MATH = YES;
				SDKROOT = iphoneos;
				SWIFT_COMPILATION_MODE = wholemodule;
				SWIFT_OPTIMIZATION_LEVEL = "-O";
				VALIDATE_PRODUCT = YES;
			};
			name = Release;
		};
		8158EC7C292C10D1009ECAB5 /* Debug */ = {
			isa = XCBuildConfiguration;
			buildSettings = {
				ASSETCATALOG_COMPILER_APPICON_NAME = AppIcon;
				ASSETCATALOG_COMPILER_GLOBAL_ACCENT_COLOR_NAME = AccentColor;
				CODE_SIGN_STYLE = Automatic;
				CURRENT_PROJECT_VERSION = 1;
				DEVELOPMENT_TEAM = 7P9G8L9G3Z;
				GENERATE_INFOPLIST_FILE = YES;
				INFOPLIST_FILE = adlazarevaHW4/Info.plist;
				INFOPLIST_KEY_UIApplicationSupportsIndirectInputEvents = YES;
				INFOPLIST_KEY_UILaunchStoryboardName = LaunchScreen;
				INFOPLIST_KEY_UISupportedInterfaceOrientations_iPad = "UIInterfaceOrientationPortrait UIInterfaceOrientationPortraitUpsideDown UIInterfaceOrientationLandscapeLeft UIInterfaceOrientationLandscapeRight";
				INFOPLIST_KEY_UISupportedInterfaceOrientations_iPhone = "UIInterfaceOrientationPortrait UIInterfaceOrientationLandscapeLeft UIInterfaceOrientationLandscapeRight";
				LD_RUNPATH_SEARCH_PATHS = (
					"$(inherited)",
					"@executable_path/Frameworks",
				);
				MARKETING_VERSION = 1.0;
				PRODUCT_BUNDLE_IDENTIFIER = "-.adlazarevaHW4";
				PRODUCT_NAME = "$(TARGET_NAME)";
				SWIFT_EMIT_LOC_STRINGS = YES;
				SWIFT_VERSION = 5.0;
				TARGETED_DEVICE_FAMILY = "1,2";
			};
			name = Debug;
		};
		8158EC7D292C10D1009ECAB5 /* Release */ = {
			isa = XCBuildConfiguration;
			buildSettings = {
				ASSETCATALOG_COMPILER_APPICON_NAME = AppIcon;
				ASSETCATALOG_COMPILER_GLOBAL_ACCENT_COLOR_NAME = AccentColor;
				CODE_SIGN_STYLE = Automatic;
				CURRENT_PROJECT_VERSION = 1;
				DEVELOPMENT_TEAM = 7P9G8L9G3Z;
				GENERATE_INFOPLIST_FILE = YES;
				INFOPLIST_FILE = adlazarevaHW4/Info.plist;
				INFOPLIST_KEY_UIApplicationSupportsIndirectInputEvents = YES;
				INFOPLIST_KEY_UILaunchStoryboardName = LaunchScreen;
				INFOPLIST_KEY_UISupportedInterfaceOrientations_iPad = "UIInterfaceOrientationPortrait UIInterfaceOrientationPortraitUpsideDown UIInterfaceOrientationLandscapeLeft UIInterfaceOrientationLandscapeRight";
				INFOPLIST_KEY_UISupportedInterfaceOrientations_iPhone = "UIInterfaceOrientationPortrait UIInterfaceOrientationLandscapeLeft UIInterfaceOrientationLandscapeRight";
				LD_RUNPATH_SEARCH_PATHS = (
					"$(inherited)",
					"@executable_path/Frameworks",
				);
				MARKETING_VERSION = 1.0;
				PRODUCT_BUNDLE_IDENTIFIER = "-.adlazarevaHW4";
				PRODUCT_NAME = "$(TARGET_NAME)";
				SWIFT_EMIT_LOC_STRINGS = YES;
				SWIFT_VERSION = 5.0;
				TARGETED_DEVICE_FAMILY = "1,2";
			};
			name = Release;
		};
/* End XCBuildConfiguration section */

/* Begin XCConfigurationList section */
		8158EC62292C10CD009ECAB5 /* Build configuration list for PBXProject "adlazarevaHW4" */ = {
			isa = XCConfigurationList;
			buildConfigurations = (
				8158EC79292C10D1009ECAB5 /* Debug */,
				8158EC7A292C10D1009ECAB5 /* Release */,
			);
			defaultConfigurationIsVisible = 0;
			defaultConfigurationName = Release;
		};
		8158EC7B292C10D1009ECAB5 /* Build configuration list for PBXNativeTarget "adlazarevaHW4" */ = {
			isa = XCConfigurationList;
			buildConfigurations = (
				8158EC7C292C10D1009ECAB5 /* Debug */,
				8158EC7D292C10D1009ECAB5 /* Release */,
			);
			defaultConfigurationIsVisible = 0;
			defaultConfigurationName = Release;
		};
/* End XCConfigurationList section */
	};
	rootObject = 8158EC5F292C10CD009ECAB5 /* Project object */;
}
